// !$*UTF8*$!
{
	archiveVersion = 1;
	classes = {
	};
	objectVersion = 55;
	objects = {

/* Begin PBXBuildFile section */
		BF3BB9812754126E00A9A116 /* MySongsData.swift in Sources */ = {isa = PBXBuildFile; fileRef = BF3BB9802754126E00A9A116 /* MySongsData.swift */; };
		BF3BB9832754142400A9A116 /* UtilityFunctions.swift in Sources */ = {isa = PBXBuildFile; fileRef = BF3BB9822754142400A9A116 /* UtilityFunctions.swift */; };
		BF3BB986275422D200A9A116 /* AddSong.swift in Sources */ = {isa = PBXBuildFile; fileRef = BF3BB985275422D200A9A116 /* AddSong.swift */; };
		BF3BB9912755910500A9A116 /* SearchTasteDiveAPI.swift in Sources */ = {isa = PBXBuildFile; fileRef = BF3BB98F2755910500A9A116 /* SearchTasteDiveAPI.swift */; };
		BF3BB9922755910500A9A116 /* TasteStruct.swift in Sources */ = {isa = PBXBuildFile; fileRef = BF3BB9902755910500A9A116 /* TasteStruct.swift */; };
		BF3BB9962755915D00A9A116 /* SearchResultItem.swift in Sources */ = {isa = PBXBuildFile; fileRef = BF3BB9932755915D00A9A116 /* SearchResultItem.swift */; };
		BF3BB9972755915D00A9A116 /* SearchResultList.swift in Sources */ = {isa = PBXBuildFile; fileRef = BF3BB9942755915D00A9A116 /* SearchResultList.swift */; };
		BF3BB9982755915D00A9A116 /* SearchAPIResults.swift in Sources */ = {isa = PBXBuildFile; fileRef = BF3BB9952755915D00A9A116 /* SearchAPIResults.swift */; };
		BFD98E162743147100A75D21 /* SongOrganizerApp.swift in Sources */ = {isa = PBXBuildFile; fileRef = BFD98E152743147100A75D21 /* SongOrganizerApp.swift */; };
		BFD98E182743147100A75D21 /* ContentView.swift in Sources */ = {isa = PBXBuildFile; fileRef = BFD98E172743147100A75D21 /* ContentView.swift */; };
		BFD98E1A2743147500A75D21 /* Assets.xcassets in Resources */ = {isa = PBXBuildFile; fileRef = BFD98E192743147500A75D21 /* Assets.xcassets */; };
		BFD98E1D2743147500A75D21 /* Preview Assets.xcassets in Resources */ = {isa = PBXBuildFile; fileRef = BFD98E1C2743147500A75D21 /* Preview Assets.xcassets */; };
		BFD98E1F2743147500A75D21 /* Persistence.swift in Sources */ = {isa = PBXBuildFile; fileRef = BFD98E1E2743147500A75D21 /* Persistence.swift */; };
		BFD98E222743147500A75D21 /* SongOrganizer.xcdatamodeld in Sources */ = {isa = PBXBuildFile; fileRef = BFD98E202743147500A75D21 /* SongOrganizer.xcdatamodeld */; };
		BFE2D229274732A60083D7E6 /* Home.swift in Sources */ = {isa = PBXBuildFile; fileRef = BFE2D228274732A60083D7E6 /* Home.swift */; };
		BFE2D22B274732B70083D7E6 /* FavoritesList.swift in Sources */ = {isa = PBXBuildFile; fileRef = BFE2D22A274732B70083D7E6 /* FavoritesList.swift */; };
		BFE2D22D274732D20083D7E6 /* FavoritesItem.swift in Sources */ = {isa = PBXBuildFile; fileRef = BFE2D22C274732D20083D7E6 /* FavoritesItem.swift */; };
		BFE2D22F274732E60083D7E6 /* FavoritesDetails.swift in Sources */ = {isa = PBXBuildFile; fileRef = BFE2D22E274732E60083D7E6 /* FavoritesDetails.swift */; };
		BFE2D231274732FA0083D7E6 /* RecordingsList.swift in Sources */ = {isa = PBXBuildFile; fileRef = BFE2D230274732FA0083D7E6 /* RecordingsList.swift */; };
		BFE2D233274733080083D7E6 /* RecordingsItem.swift in Sources */ = {isa = PBXBuildFile; fileRef = BFE2D232274733080083D7E6 /* RecordingsItem.swift */; };
		BFE2D2352747332A0083D7E6 /* SearchDB.swift in Sources */ = {isa = PBXBuildFile; fileRef = BFE2D2342747332A0083D7E6 /* SearchDB.swift */; };
		BFE2D2372747333E0083D7E6 /* SearchAPI.swift in Sources */ = {isa = PBXBuildFile; fileRef = BFE2D2362747333E0083D7E6 /* SearchAPI.swift */; };
		BFE2D2392747339C0083D7E6 /* AppDelegate.swift in Sources */ = {isa = PBXBuildFile; fileRef = BFE2D2382747339C0083D7E6 /* AppDelegate.swift */; };
		BFE2D23B2747353C0083D7E6 /* SearchResultsEmpty.swift in Sources */ = {isa = PBXBuildFile; fileRef = BFE2D23A2747353C0083D7E6 /* SearchResultsEmpty.swift */; };
		BFE2D23D274D50B60083D7E6 /* SongData.json in Resources */ = {isa = PBXBuildFile; fileRef = BFE2D23C274D50B60083D7E6 /* SongData.json */; };
		BFE2D23F274D59EC0083D7E6 /* MySongStruct.swift in Sources */ = {isa = PBXBuildFile; fileRef = BFE2D23E274D59EC0083D7E6 /* MySongStruct.swift */; };
		BFE2D241274D5C440083D7E6 /* Song.swift in Sources */ = {isa = PBXBuildFile; fileRef = BFE2D240274D5C430083D7E6 /* Song.swift */; };
		BFE2D243274D5C620083D7E6 /* Album.swift in Sources */ = {isa = PBXBuildFile; fileRef = BFE2D242274D5C620083D7E6 /* Album.swift */; };
		BFE2D245274D5C6E0083D7E6 /* Artist.swift in Sources */ = {isa = PBXBuildFile; fileRef = BFE2D244274D5C6E0083D7E6 /* Artist.swift */; };
		BFE2D247274D5C780083D7E6 /* Photo.swift in Sources */ = {isa = PBXBuildFile; fileRef = BFE2D246274D5C780083D7E6 /* Photo.swift */; };
/* End PBXBuildFile section */

/* Begin PBXFileReference section */
		BF3BB9802754126E00A9A116 /* MySongsData.swift */ = {isa = PBXFileReference; lastKnownFileType = sourcecode.swift; path = MySongsData.swift; sourceTree = "<group>"; };
		BF3BB9822754142400A9A116 /* UtilityFunctions.swift */ = {isa = PBXFileReference; fileEncoding = 4; lastKnownFileType = sourcecode.swift; path = UtilityFunctions.swift; sourceTree = "<group>"; };
		BF3BB98427541AA200A9A116 /* Info.plist */ = {isa = PBXFileReference; lastKnownFileType = text.plist.xml; path = Info.plist; sourceTree = "<group>"; };
		BF3BB985275422D200A9A116 /* AddSong.swift */ = {isa = PBXFileReference; lastKnownFileType = sourcecode.swift; path = AddSong.swift; sourceTree = "<group>"; };
		BF3BB98F2755910500A9A116 /* SearchTasteDiveAPI.swift */ = {isa = PBXFileReference; fileEncoding = 4; lastKnownFileType = sourcecode.swift; path = SearchTasteDiveAPI.swift; sourceTree = "<group>"; };
		BF3BB9902755910500A9A116 /* TasteStruct.swift */ = {isa = PBXFileReference; fileEncoding = 4; lastKnownFileType = sourcecode.swift; path = TasteStruct.swift; sourceTree = "<group>"; };
		BF3BB9932755915D00A9A116 /* SearchResultItem.swift */ = {isa = PBXFileReference; fileEncoding = 4; lastKnownFileType = sourcecode.swift; path = SearchResultItem.swift; sourceTree = "<group>"; };
		BF3BB9942755915D00A9A116 /* SearchResultList.swift */ = {isa = PBXFileReference; fileEncoding = 4; lastKnownFileType = sourcecode.swift; path = SearchResultList.swift; sourceTree = "<group>"; };
		BF3BB9952755915D00A9A116 /* SearchAPIResults.swift */ = {isa = PBXFileReference; fileEncoding = 4; lastKnownFileType = sourcecode.swift; path = SearchAPIResults.swift; sourceTree = "<group>"; };
		BFD98E122743147100A75D21 /* SongOrganizer.app */ = {isa = PBXFileReference; explicitFileType = wrapper.application; includeInIndex = 0; path = SongOrganizer.app; sourceTree = BUILT_PRODUCTS_DIR; };
		BFD98E152743147100A75D21 /* SongOrganizerApp.swift */ = {isa = PBXFileReference; lastKnownFileType = sourcecode.swift; path = SongOrganizerApp.swift; sourceTree = "<group>"; };
		BFD98E172743147100A75D21 /* ContentView.swift */ = {isa = PBXFileReference; lastKnownFileType = sourcecode.swift; path = ContentView.swift; sourceTree = "<group>"; };
		BFD98E192743147500A75D21 /* Assets.xcassets */ = {isa = PBXFileReference; lastKnownFileType = folder.assetcatalog; path = Assets.xcassets; sourceTree = "<group>"; };
		BFD98E1C2743147500A75D21 /* Preview Assets.xcassets */ = {isa = PBXFileReference; lastKnownFileType = folder.assetcatalog; path = "Preview Assets.xcassets"; sourceTree = "<group>"; };
		BFD98E1E2743147500A75D21 /* Persistence.swift */ = {isa = PBXFileReference; lastKnownFileType = sourcecode.swift; path = Persistence.swift; sourceTree = "<group>"; };
		BFD98E212743147500A75D21 /* SongOrganizer.xcdatamodel */ = {isa = PBXFileReference; lastKnownFileType = wrapper.xcdatamodel; path = SongOrganizer.xcdatamodel; sourceTree = "<group>"; };
		BFE2D228274732A60083D7E6 /* Home.swift */ = {isa = PBXFileReference; lastKnownFileType = sourcecode.swift; path = Home.swift; sourceTree = "<group>"; };
		BFE2D22A274732B70083D7E6 /* FavoritesList.swift */ = {isa = PBXFileReference; lastKnownFileType = sourcecode.swift; path = FavoritesList.swift; sourceTree = "<group>"; };
		BFE2D22C274732D20083D7E6 /* FavoritesItem.swift */ = {isa = PBXFileReference; lastKnownFileType = sourcecode.swift; path = FavoritesItem.swift; sourceTree = "<group>"; };
		BFE2D22E274732E60083D7E6 /* FavoritesDetails.swift */ = {isa = PBXFileReference; lastKnownFileType = sourcecode.swift; path = FavoritesDetails.swift; sourceTree = "<group>"; };
		BFE2D230274732FA0083D7E6 /* RecordingsList.swift */ = {isa = PBXFileReference; lastKnownFileType = sourcecode.swift; path = RecordingsList.swift; sourceTree = "<group>"; };
		BFE2D232274733080083D7E6 /* RecordingsItem.swift */ = {isa = PBXFileReference; lastKnownFileType = sourcecode.swift; path = RecordingsItem.swift; sourceTree = "<group>"; };
		BFE2D2342747332A0083D7E6 /* SearchDB.swift */ = {isa = PBXFileReference; lastKnownFileType = sourcecode.swift; path = SearchDB.swift; sourceTree = "<group>"; };
		BFE2D2362747333E0083D7E6 /* SearchAPI.swift */ = {isa = PBXFileReference; lastKnownFileType = sourcecode.swift; path = SearchAPI.swift; sourceTree = "<group>"; };
		BFE2D2382747339C0083D7E6 /* AppDelegate.swift */ = {isa = PBXFileReference; lastKnownFileType = sourcecode.swift; path = AppDelegate.swift; sourceTree = "<group>"; };
		BFE2D23A2747353C0083D7E6 /* SearchResultsEmpty.swift */ = {isa = PBXFileReference; fileEncoding = 4; lastKnownFileType = sourcecode.swift; path = SearchResultsEmpty.swift; sourceTree = "<group>"; };
		BFE2D23C274D50B60083D7E6 /* SongData.json */ = {isa = PBXFileReference; fileEncoding = 4; lastKnownFileType = text.json; path = SongData.json; sourceTree = "<group>"; };
		BFE2D23E274D59EC0083D7E6 /* MySongStruct.swift */ = {isa = PBXFileReference; lastKnownFileType = sourcecode.swift; path = MySongStruct.swift; sourceTree = "<group>"; };
		BFE2D240274D5C430083D7E6 /* Song.swift */ = {isa = PBXFileReference; lastKnownFileType = sourcecode.swift; path = Song.swift; sourceTree = "<group>"; };
		BFE2D242274D5C620083D7E6 /* Album.swift */ = {isa = PBXFileReference; lastKnownFileType = sourcecode.swift; path = Album.swift; sourceTree = "<group>"; };
		BFE2D244274D5C6E0083D7E6 /* Artist.swift */ = {isa = PBXFileReference; lastKnownFileType = sourcecode.swift; path = Artist.swift; sourceTree = "<group>"; };
		BFE2D246274D5C780083D7E6 /* Photo.swift */ = {isa = PBXFileReference; lastKnownFileType = sourcecode.swift; path = Photo.swift; sourceTree = "<group>"; };
/* End PBXFileReference section */

/* Begin PBXFrameworksBuildPhase section */
		BFD98E0F2743147100A75D21 /* Frameworks */ = {
			isa = PBXFrameworksBuildPhase;
			buildActionMask = 2147483647;
			files = (
			);
			runOnlyForDeploymentPostprocessing = 0;
		};
/* End PBXFrameworksBuildPhase section */

/* Begin PBXGroup section */
		BFD98E092743147100A75D21 = {
			isa = PBXGroup;
			children = (
				BFD98E142743147100A75D21 /* SongOrganizer */,
				BFD98E132743147100A75D21 /* Products */,
			);
			sourceTree = "<group>";
		};
		BFD98E132743147100A75D21 /* Products */ = {
			isa = PBXGroup;
			children = (
				BFD98E122743147100A75D21 /* SongOrganizer.app */,
			);
			name = Products;
			sourceTree = "<group>";
		};
		BFD98E142743147100A75D21 /* SongOrganizer */ = {
			isa = PBXGroup;
			children = (
				BFD98E152743147100A75D21 /* SongOrganizerApp.swift */,
				BFD98E172743147100A75D21 /* ContentView.swift */,
				BFE2D2382747339C0083D7E6 /* AppDelegate.swift */,
				BFE2D2272747321C0083D7E6 /* API Data */,
				BFE2D21E274731180083D7E6 /* Data Model */,
				BFE2D21F274731230083D7E6 /* Supporting Files */,
				BFE2D220274731430083D7E6 /* Core Data Model */,
				BFE2D221274731720083D7E6 /* Tab Views */,
				BFD98E192743147500A75D21 /* Assets.xcassets */,
				BF3BB98427541AA200A9A116 /* Info.plist */,
				BFD98E1B2743147500A75D21 /* Preview Content */,
			);
			path = SongOrganizer;
			sourceTree = "<group>";
		};
		BFD98E1B2743147500A75D21 /* Preview Content */ = {
			isa = PBXGroup;
			children = (
				BFD98E1C2743147500A75D21 /* Preview Assets.xcassets */,
			);
			path = "Preview Content";
			sourceTree = "<group>";
		};
		BFE2D21E274731180083D7E6 /* Data Model */ = {
			isa = PBXGroup;
			children = (
				BFE2D23C274D50B60083D7E6 /* SongData.json */,
				BFE2D23E274D59EC0083D7E6 /* MySongStruct.swift */,
				BF3BB9802754126E00A9A116 /* MySongsData.swift */,
				BF3BB98F2755910500A9A116 /* SearchTasteDiveAPI.swift */,
				BF3BB9902755910500A9A116 /* TasteStruct.swift */,
			);
			path = "Data Model";
			sourceTree = "<group>";
		};
		BFE2D21F274731230083D7E6 /* Supporting Files */ = {
			isa = PBXGroup;
			children = (
				BFE2D23A2747353C0083D7E6 /* SearchResultsEmpty.swift */,
				BF3BB9822754142400A9A116 /* UtilityFunctions.swift */,
			);
			path = "Supporting Files";
			sourceTree = "<group>";
		};
		BFE2D220274731430083D7E6 /* Core Data Model */ = {
			isa = PBXGroup;
			children = (
				BFD98E202743147500A75D21 /* SongOrganizer.xcdatamodeld */,
				BFD98E1E2743147500A75D21 /* Persistence.swift */,
				BFE2D244274D5C6E0083D7E6 /* Artist.swift */,
				BFE2D242274D5C620083D7E6 /* Album.swift */,
				BFE2D246274D5C780083D7E6 /* Photo.swift */,
				BFE2D240274D5C430083D7E6 /* Song.swift */,
			);
			path = "Core Data Model";
			sourceTree = "<group>";
		};
		BFE2D221274731720083D7E6 /* Tab Views */ = {
			isa = PBXGroup;
			children = (
				BFE2D2222747318D0083D7E6 /* Home */,
				BFE2D223274731960083D7E6 /* Favorites */,
				BFE2D224274731D30083D7E6 /* Recordings */,
				BFE2D225274731E30083D7E6 /* Search Database */,
				BFE2D226274731F90083D7E6 /* Search API */,
			);
			path = "Tab Views";
			sourceTree = "<group>";
		};
		BFE2D2222747318D0083D7E6 /* Home */ = {
			isa = PBXGroup;
			children = (
				BFE2D228274732A60083D7E6 /* Home.swift */,
			);
			path = Home;
			sourceTree = "<group>";
		};
		BFE2D223274731960083D7E6 /* Favorites */ = {
			isa = PBXGroup;
			children = (
				BFE2D22A274732B70083D7E6 /* FavoritesList.swift */,
				BF3BB985275422D200A9A116 /* AddSong.swift */,
				BFE2D22C274732D20083D7E6 /* FavoritesItem.swift */,
				BFE2D22E274732E60083D7E6 /* FavoritesDetails.swift */,
			);
			path = Favorites;
			sourceTree = "<group>";
		};
		BFE2D224274731D30083D7E6 /* Recordings */ = {
			isa = PBXGroup;
			children = (
				BFE2D230274732FA0083D7E6 /* RecordingsList.swift */,
				BFE2D232274733080083D7E6 /* RecordingsItem.swift */,
			);
			path = Recordings;
			sourceTree = "<group>";
		};
		BFE2D225274731E30083D7E6 /* Search Database */ = {
			isa = PBXGroup;
			children = (
				BFE2D2342747332A0083D7E6 /* SearchDB.swift */,
			);
			path = "Search Database";
			sourceTree = "<group>";
		};
		BFE2D226274731F90083D7E6 /* Search API */ = {
			isa = PBXGroup;
			children = (
				BFE2D2362747333E0083D7E6 /* SearchAPI.swift */,
				BF3BB9952755915D00A9A116 /* SearchAPIResults.swift */,
				BF3BB9932755915D00A9A116 /* SearchResultItem.swift */,
				BF3BB9942755915D00A9A116 /* SearchResultList.swift */,
			);
			path = "Search API";
			sourceTree = "<group>";
		};
		BFE2D2272747321C0083D7E6 /* API Data */ = {
			isa = PBXGroup;
			children = (
			);
			path = "API Data";
			sourceTree = "<group>";
		};
/* End PBXGroup section */

/* Begin PBXNativeTarget section */
		BFD98E112743147100A75D21 /* SongOrganizer */ = {
			isa = PBXNativeTarget;
			buildConfigurationList = BFD98E252743147500A75D21 /* Build configuration list for PBXNativeTarget "SongOrganizer" */;
			buildPhases = (
				BFD98E0E2743147100A75D21 /* Sources */,
				BFD98E0F2743147100A75D21 /* Frameworks */,
				BFD98E102743147100A75D21 /* Resources */,
			);
			buildRules = (
			);
			dependencies = (
			);
			name = SongOrganizer;
			productName = SongOrganizer;
			productReference = BFD98E122743147100A75D21 /* SongOrganizer.app */;
			productType = "com.apple.product-type.application";
		};
/* End PBXNativeTarget section */

/* Begin PBXProject section */
		BFD98E0A2743147100A75D21 /* Project object */ = {
			isa = PBXProject;
			attributes = {
				BuildIndependentTargetsInParallel = 1;
				LastSwiftUpdateCheck = 1300;
				LastUpgradeCheck = 1300;
				ORGANIZATIONNAME = "Evan Jones";
				TargetAttributes = {
					BFD98E112743147100A75D21 = {
						CreatedOnToolsVersion = 13.0;
					};
				};
			};
			buildConfigurationList = BFD98E0D2743147100A75D21 /* Build configuration list for PBXProject "SongOrganizer" */;
			compatibilityVersion = "Xcode 13.0";
			developmentRegion = en;
			hasScannedForEncodings = 0;
			knownRegions = (
				en,
				Base,
			);
			mainGroup = BFD98E092743147100A75D21;
			productRefGroup = BFD98E132743147100A75D21 /* Products */;
			projectDirPath = "";
			projectRoot = "";
			targets = (
				BFD98E112743147100A75D21 /* SongOrganizer */,
			);
		};
/* End PBXProject section */

/* Begin PBXResourcesBuildPhase section */
		BFD98E102743147100A75D21 /* Resources */ = {
			isa = PBXResourcesBuildPhase;
			buildActionMask = 2147483647;
			files = (
				BFD98E1D2743147500A75D21 /* Preview Assets.xcassets in Resources */,
				BFD98E1A2743147500A75D21 /* Assets.xcassets in Resources */,
				BFE2D23D274D50B60083D7E6 /* SongData.json in Resources */,
			);
			runOnlyForDeploymentPostprocessing = 0;
		};
/* End PBXResourcesBuildPhase section */

/* Begin PBXSourcesBuildPhase section */
		BFD98E0E2743147100A75D21 /* Sources */ = {
			isa = PBXSourcesBuildPhase;
			buildActionMask = 2147483647;
			files = (
				BFE2D23B2747353C0083D7E6 /* SearchResultsEmpty.swift in Sources */,
				BFE2D231274732FA0083D7E6 /* RecordingsList.swift in Sources */,
				BFE2D22B274732B70083D7E6 /* FavoritesList.swift in Sources */,
				BFE2D243274D5C620083D7E6 /* Album.swift in Sources */,
				BFE2D2372747333E0083D7E6 /* SearchAPI.swift in Sources */,
				BFD98E1F2743147500A75D21 /* Persistence.swift in Sources */,
				BF3BB9972755915D00A9A116 /* SearchResultList.swift in Sources */,
				BFE2D22F274732E60083D7E6 /* FavoritesDetails.swift in Sources */,
				BFE2D23F274D59EC0083D7E6 /* MySongStruct.swift in Sources */,
				BF3BB9962755915D00A9A116 /* SearchResultItem.swift in Sources */,
				BFE2D2352747332A0083D7E6 /* SearchDB.swift in Sources */,
				BF3BB9912755910500A9A116 /* SearchTasteDiveAPI.swift in Sources */,
				BF3BB9922755910500A9A116 /* TasteStruct.swift in Sources */,
				BFE2D233274733080083D7E6 /* RecordingsItem.swift in Sources */,
				BFD98E182743147100A75D21 /* ContentView.swift in Sources */,
				BFE2D2392747339C0083D7E6 /* AppDelegate.swift in Sources */,
				BF3BB9832754142400A9A116 /* UtilityFunctions.swift in Sources */,
				BFE2D247274D5C780083D7E6 /* Photo.swift in Sources */,
				BFE2D245274D5C6E0083D7E6 /* Artist.swift in Sources */,
				BFE2D229274732A60083D7E6 /* Home.swift in Sources */,
				BFE2D241274D5C440083D7E6 /* Song.swift in Sources */,
				BFD98E222743147500A75D21 /* SongOrganizer.xcdatamodeld in Sources */,
				BF3BB986275422D200A9A116 /* AddSong.swift in Sources */,
				BF3BB9982755915D00A9A116 /* SearchAPIResults.swift in Sources */,
				BFE2D22D274732D20083D7E6 /* FavoritesItem.swift in Sources */,
				BF3BB9812754126E00A9A116 /* MySongsData.swift in Sources */,
				BFD98E162743147100A75D21 /* SongOrganizerApp.swift in Sources */,
			);
			runOnlyForDeploymentPostprocessing = 0;
		};
/* End PBXSourcesBuildPhase section */

/* Begin XCBuildConfiguration section */
		BFD98E232743147500A75D21 /* Debug */ = {
			isa = XCBuildConfiguration;
			buildSettings = {
				ALWAYS_SEARCH_USER_PATHS = NO;
				CLANG_ANALYZER_NONNULL = YES;
				CLANG_ANALYZER_NUMBER_OBJECT_CONVERSION = YES_AGGRESSIVE;
				CLANG_CXX_LANGUAGE_STANDARD = "gnu++17";
				CLANG_CXX_LIBRARY = "libc++";
				CLANG_ENABLE_MODULES = YES;
				CLANG_ENABLE_OBJC_ARC = YES;
				CLANG_ENABLE_OBJC_WEAK = YES;
				CLANG_WARN_BLOCK_CAPTURE_AUTORELEASING = YES;
				CLANG_WARN_BOOL_CONVERSION = YES;
				CLANG_WARN_COMMA = YES;
				CLANG_WARN_CONSTANT_CONVERSION = YES;
				CLANG_WARN_DEPRECATED_OBJC_IMPLEMENTATIONS = YES;
				CLANG_WARN_DIRECT_OBJC_ISA_USAGE = YES_ERROR;
				CLANG_WARN_DOCUMENTATION_COMMENTS = YES;
				CLANG_WARN_EMPTY_BODY = YES;
				CLANG_WARN_ENUM_CONVERSION = YES;
				CLANG_WARN_INFINITE_RECURSION = YES;
				CLANG_WARN_INT_CONVERSION = YES;
				CLANG_WARN_NON_LITERAL_NULL_CONVERSION = YES;
				CLANG_WARN_OBJC_IMPLICIT_RETAIN_SELF = YES;
				CLANG_WARN_OBJC_LITERAL_CONVERSION = YES;
				CLANG_WARN_OBJC_ROOT_CLASS = YES_ERROR;
				CLANG_WARN_QUOTED_INCLUDE_IN_FRAMEWORK_HEADER = YES;
				CLANG_WARN_RANGE_LOOP_ANALYSIS = YES;
				CLANG_WARN_STRICT_PROTOTYPES = YES;
				CLANG_WARN_SUSPICIOUS_MOVE = YES;
				CLANG_WARN_UNGUARDED_AVAILABILITY = YES_AGGRESSIVE;
				CLANG_WARN_UNREACHABLE_CODE = YES;
				CLANG_WARN__DUPLICATE_METHOD_MATCH = YES;
				COPY_PHASE_STRIP = NO;
				DEBUG_INFORMATION_FORMAT = dwarf;
				ENABLE_STRICT_OBJC_MSGSEND = YES;
				ENABLE_TESTABILITY = YES;
				GCC_C_LANGUAGE_STANDARD = gnu11;
				GCC_DYNAMIC_NO_PIC = NO;
				GCC_NO_COMMON_BLOCKS = YES;
				GCC_OPTIMIZATION_LEVEL = 0;
				GCC_PREPROCESSOR_DEFINITIONS = (
					"DEBUG=1",
					"$(inherited)",
				);
				GCC_WARN_64_TO_32_BIT_CONVERSION = YES;
				GCC_WARN_ABOUT_RETURN_TYPE = YES_ERROR;
				GCC_WARN_UNDECLARED_SELECTOR = YES;
				GCC_WARN_UNINITIALIZED_AUTOS = YES_AGGRESSIVE;
				GCC_WARN_UNUSED_FUNCTION = YES;
				GCC_WARN_UNUSED_VARIABLE = YES;
				IPHONEOS_DEPLOYMENT_TARGET = 15.0;
				MTL_ENABLE_DEBUG_INFO = INCLUDE_SOURCE;
				MTL_FAST_MATH = YES;
				ONLY_ACTIVE_ARCH = YES;
				SDKROOT = iphoneos;
				SWIFT_ACTIVE_COMPILATION_CONDITIONS = DEBUG;
				SWIFT_OPTIMIZATION_LEVEL = "-Onone";
			};
			name = Debug;
		};
		BFD98E242743147500A75D21 /* Release */ = {
			isa = XCBuildConfiguration;
			buildSettings = {
				ALWAYS_SEARCH_USER_PATHS = NO;
				CLANG_ANALYZER_NONNULL = YES;
				CLANG_ANALYZER_NUMBER_OBJECT_CONVERSION = YES_AGGRESSIVE;
				CLANG_CXX_LANGUAGE_STANDARD = "gnu++17";
				CLANG_CXX_LIBRARY = "libc++";
				CLANG_ENABLE_MODULES = YES;
				CLANG_ENABLE_OBJC_ARC = YES;
				CLANG_ENABLE_OBJC_WEAK = YES;
				CLANG_WARN_BLOCK_CAPTURE_AUTORELEASING = YES;
				CLANG_WARN_BOOL_CONVERSION = YES;
				CLANG_WARN_COMMA = YES;
				CLANG_WARN_CONSTANT_CONVERSION = YES;
				CLANG_WARN_DEPRECATED_OBJC_IMPLEMENTATIONS = YES;
				CLANG_WARN_DIRECT_OBJC_ISA_USAGE = YES_ERROR;
				CLANG_WARN_DOCUMENTATION_COMMENTS = YES;
				CLANG_WARN_EMPTY_BODY = YES;
				CLANG_WARN_ENUM_CONVERSION = YES;
				CLANG_WARN_INFINITE_RECURSION = YES;
				CLANG_WARN_INT_CONVERSION = YES;
				CLANG_WARN_NON_LITERAL_NULL_CONVERSION = YES;
				CLANG_WARN_OBJC_IMPLICIT_RETAIN_SELF = YES;
				CLANG_WARN_OBJC_LITERAL_CONVERSION = YES;
				CLANG_WARN_OBJC_ROOT_CLASS = YES_ERROR;
				CLANG_WARN_QUOTED_INCLUDE_IN_FRAMEWORK_HEADER = YES;
				CLANG_WARN_RANGE_LOOP_ANALYSIS = YES;
				CLANG_WARN_STRICT_PROTOTYPES = YES;
				CLANG_WARN_SUSPICIOUS_MOVE = YES;
				CLANG_WARN_UNGUARDED_AVAILABILITY = YES_AGGRESSIVE;
				CLANG_WARN_UNREACHABLE_CODE = YES;
				CLANG_WARN__DUPLICATE_METHOD_MATCH = YES;
				COPY_PHASE_STRIP = NO;
				DEBUG_INFORMATION_FORMAT = "dwarf-with-dsym";
				ENABLE_NS_ASSERTIONS = NO;
				ENABLE_STRICT_OBJC_MSGSEND = YES;
				GCC_C_LANGUAGE_STANDARD = gnu11;
				GCC_NO_COMMON_BLOCKS = YES;
				GCC_WARN_64_TO_32_BIT_CONVERSION = YES;
				GCC_WARN_ABOUT_RETURN_TYPE = YES_ERROR;
				GCC_WARN_UNDECLARED_SELECTOR = YES;
				GCC_WARN_UNINITIALIZED_AUTOS = YES_AGGRESSIVE;
				GCC_WARN_UNUSED_FUNCTION = YES;
				GCC_WARN_UNUSED_VARIABLE = YES;
				IPHONEOS_DEPLOYMENT_TARGET = 15.0;
				MTL_ENABLE_DEBUG_INFO = NO;
				MTL_FAST_MATH = YES;
				SDKROOT = iphoneos;
				SWIFT_COMPILATION_MODE = wholemodule;
				SWIFT_OPTIMIZATION_LEVEL = "-O";
				VALIDATE_PRODUCT = YES;
			};
			name = Release;
		};
		BFD98E262743147500A75D21 /* Debug */ = {
			isa = XCBuildConfiguration;
			buildSettings = {
				ASSETCATALOG_COMPILER_APPICON_NAME = AppIcon;
				ASSETCATALOG_COMPILER_GLOBAL_ACCENT_COLOR_NAME = AccentColor;
				CODE_SIGN_STYLE = Automatic;
				CURRENT_PROJECT_VERSION = 1;
				DEVELOPMENT_ASSET_PATHS = "\"SongOrganizer/Preview Content\"";
				DEVELOPMENT_TEAM = 437QZGW5B2;
				ENABLE_PREVIEWS = YES;
				GENERATE_INFOPLIST_FILE = YES;
				INFOPLIST_FILE = SongOrganizer/Info.plist;
				INFOPLIST_KEY_UIApplicationSceneManifest_Generation = YES;
				INFOPLIST_KEY_UIApplicationSupportsIndirectInputEvents = YES;
				INFOPLIST_KEY_UISupportedInterfaceOrientations = "UIInterfaceOrientationPortrait UIInterfaceOrientationLandscapeLeft UIInterfaceOrientationLandscapeRight";
				INFOPLIST_KEY_UISupportedInterfaceOrientations_iPad = "UIInterfaceOrientationPortrait UIInterfaceOrientationPortraitUpsideDown UIInterfaceOrientationLandscapeLeft UIInterfaceOrientationLandscapeRight";
				INFOPLIST_KEY_UISupportedInterfaceOrientations_iPhone = "UIInterfaceOrientationPortrait UIInterfaceOrientationLandscapeLeft UIInterfaceOrientationLandscapeRight";
				IPHONEOS_DEPLOYMENT_TARGET = 14.7;
				LD_RUNPATH_SEARCH_PATHS = (
					"$(inherited)",
					"@executable_path/Frameworks",
				);
				MARKETING_VERSION = 1.0;
				PRODUCT_BUNDLE_IDENTIFIER = com.evanjones.SongOrganizer;
				PRODUCT_NAME = "$(TARGET_NAME)";
				SWIFT_EMIT_LOC_STRINGS = YES;
				SWIFT_VERSION = 5.0;
				TARGETED_DEVICE_FAMILY = "1,2";
			};
			name = Debug;
		};
		BFD98E272743147500A75D21 /* Release */ = {
			isa = XCBuildConfiguration;
			buildSettings = {
				ASSETCATALOG_COMPILER_APPICON_NAME = AppIcon;
				ASSETCATALOG_COMPILER_GLOBAL_ACCENT_COLOR_NAME = AccentColor;
				CODE_SIGN_STYLE = Automatic;
				CURRENT_PROJECT_VERSION = 1;
				DEVELOPMENT_ASSET_PATHS = "\"SongOrganizer/Preview Content\"";
				DEVELOPMENT_TEAM = 437QZGW5B2;
				ENABLE_PREVIEWS = YES;
				GENERATE_INFOPLIST_FILE = YES;
				INFOPLIST_FILE = SongOrganizer/Info.plist;
				INFOPLIST_KEY_UIApplicationSceneManifest_Generation = YES;
				INFOPLIST_KEY_UIApplicationSupportsIndirectInputEvents = YES;
				INFOPLIST_KEY_UISupportedInterfaceOrientations = "UIInterfaceOrientationPortrait UIInterfaceOrientationLandscapeLeft UIInterfaceOrientationLandscapeRight";
				INFOPLIST_KEY_UISupportedInterfaceOrientations_iPad = "UIInterfaceOrientationPortrait UIInterfaceOrientationPortraitUpsideDown UIInterfaceOrientationLandscapeLeft UIInterfaceOrientationLandscapeRight";
				INFOPLIST_KEY_UISupportedInterfaceOrientations_iPhone = "UIInterfaceOrientationPortrait UIInterfaceOrientationLandscapeLeft UIInterfaceOrientationLandscapeRight";
				IPHONEOS_DEPLOYMENT_TARGET = 14.7;
				LD_RUNPATH_SEARCH_PATHS = (
					"$(inherited)",
					"@executable_path/Frameworks",
				);
				MARKETING_VERSION = 1.0;
				PRODUCT_BUNDLE_IDENTIFIER = com.evanjones.SongOrganizer;
				PRODUCT_NAME = "$(TARGET_NAME)";
				SWIFT_EMIT_LOC_STRINGS = YES;
				SWIFT_VERSION = 5.0;
				TARGETED_DEVICE_FAMILY = "1,2";
			};
			name = Release;
		};
/* End XCBuildConfiguration section */

/* Begin XCConfigurationList section */
		BFD98E0D2743147100A75D21 /* Build configuration list for PBXProject "SongOrganizer" */ = {
			isa = XCConfigurationList;
			buildConfigurations = (
				BFD98E232743147500A75D21 /* Debug */,
				BFD98E242743147500A75D21 /* Release */,
			);
			defaultConfigurationIsVisible = 0;
			defaultConfigurationName = Release;
		};
		BFD98E252743147500A75D21 /* Build configuration list for PBXNativeTarget "SongOrganizer" */ = {
			isa = XCConfigurationList;
			buildConfigurations = (
				BFD98E262743147500A75D21 /* Debug */,
				BFD98E272743147500A75D21 /* Release */,
			);
			defaultConfigurationIsVisible = 0;
			defaultConfigurationName = Release;
		};
/* End XCConfigurationList section */

/* Begin XCVersionGroup section */
		BFD98E202743147500A75D21 /* SongOrganizer.xcdatamodeld */ = {
			isa = XCVersionGroup;
			children = (
				BFD98E212743147500A75D21 /* SongOrganizer.xcdatamodel */,
			);
			currentVersion = BFD98E212743147500A75D21 /* SongOrganizer.xcdatamodel */;
			path = SongOrganizer.xcdatamodeld;
			sourceTree = "<group>";
			versionGroupType = wrapper.xcdatamodel;
		};
/* End XCVersionGroup section */
	};
	rootObject = BFD98E0A2743147100A75D21 /* Project object */;
}
